
Microsoft Visual Studio Solution File, Format Version 11.00
# Visual Studio 2010
Project("{FAE04EC0-301F-11D3-BF4B-00C04F79EFBC}") = "Jigsaw", "Jigsaw\Jigsaw.csproj", "{3A70BEE9-A4EF-4868-966A-D0E345DB9F32}"
EndProject
Project("{8BC9CEB8-8B4A-11D0-8D11-00A0C91BC942}") = "MyBezier", "MyBezier\MyBezier.vcxproj", "{A56CFE14-8646-48C1-83F8-84BDC0EA7D88}"
EndProject
Project("{8BC9CEB8-8B4A-11D0-8D11-00A0C91BC942}") = "MyD2D", "MyD2D\MyD2D.vcxproj", "{AFC162A2-E8AD-4EE1-9D62-1539ED39A6CE}"
EndProject
Global
	GlobalSection(SolutionConfigurationPlatforms) = preSolution
		Debug|Mixed Platforms = Debug|Mixed Platforms
		Debug|Win32 = Debug|Win32
		Debug|x86 = Debug|x86
		Release|Mixed Platforms = Release|Mixed Platforms
		Release|Win32 = Release|Win32
		Release|x86 = Release|x86
	EndGlobalSection
	GlobalSection(ProjectConfigurationPlatforms) = postSolution
		{3A70BEE9-A4EF-4868-966A-D0E345DB9F32}.Debug|Mixed Platforms.ActiveCfg = Debug|x86
		{3A70BEE9-A4EF-4868-966A-D0E345DB9F32}.Debug|Mixed Platforms.Build.0 = Debug|x86
		{3A70BEE9-A4EF-4868-966A-D0E345DB9F32}.Debug|Win32.ActiveCfg = Debug|x86
		{3A70BEE9-A4EF-4868-966A-D0E345DB9F32}.Debug|x86.ActiveCfg = Debug|x86
		{3A70BEE9-A4EF-4868-966A-D0E345DB9F32}.Debug|x86.Build.0 = Debug|x86
		{3A70BEE9-A4EF-4868-966A-D0E345DB9F32}.Release|Mixed Platforms.ActiveCfg = Release|x86
		{3A70BEE9-A4EF-4868-966A-D0E345DB9F32}.Release|Mixed Platforms.Build.0 = Release|x86
		{3A70BEE9-A4EF-4868-966A-D0E345DB9F32}.Release|Win32.ActiveCfg = Release|x86
		{3A70BEE9-A4EF-4868-966A-D0E345DB9F32}.Release|x86.ActiveCfg = Release|x86
		{3A70BEE9-A4EF-4868-966A-D0E345DB9F32}.Release|x86.Build.0 = Release|x86
		{A56CFE14-8646-48C1-83F8-84BDC0EA7D88}.Debug|Mixed Platforms.ActiveCfg = Debug|Win32
		{A56CFE14-8646-48C1-83F8-84BDC0EA7D88}.Debug|Mixed Platforms.Build.0 = Debug|Win32
		{A56CFE14-8646-48C1-83F8-84BDC0EA7D88}.Debug|Win32.ActiveCfg = Debug|Win32
		{A56CFE14-8646-48C1-83F8-84BDC0EA7D88}.Debug|Win32.Build.0 = Debug|Win32
		{A56CFE14-8646-48C1-83F8-84BDC0EA7D88}.Debug|x86.ActiveCfg = Debug|Win32
		{A56CFE14-8646-48C1-83F8-84BDC0EA7D88}.Release|Mixed Platforms.ActiveCfg = Release|Win32
		{A56CFE14-8646-48C1-83F8-84BDC0EA7D88}.Release|Mixed Platforms.Build.0 = Release|Win32
		{A56CFE14-8646-48C1-83F8-84BDC0EA7D88}.Release|Win32.ActiveCfg = Release|Win32
		{A56CFE14-8646-48C1-83F8-84BDC0EA7D88}.Release|Win32.Build.0 = Release|Win32
		{A56CFE14-8646-48C1-83F8-84BDC0EA7D88}.Release|x86.ActiveCfg = Release|Win32
		{AFC162A2-E8AD-4EE1-9D62-1539ED39A6CE}.Debug|Mixed Platforms.ActiveCfg = Debug|Win32
		{AFC162A2-E8AD-4EE1-9D62-1539ED39A6CE}.Debug|Mixed Platforms.Build.0 = Debug|Win32
		{AFC162A2-E8AD-4EE1-9D62-1539ED39A6CE}.Debug|Win32.ActiveCfg = Debug|Win32
		{AFC162A2-E8AD-4EE1-9D62-1539ED39A6CE}.Debug|Win32.Build.0 = Debug|Win32
		{AFC162A2-E8AD-4EE1-9D62-1539ED39A6CE}.Debug|x86.ActiveCfg = Debug|Win32
		{AFC162A2-E8AD-4EE1-9D62-1539ED39A6CE}.Release|Mixed Platforms.ActiveCfg = Release|Win32
		{AFC162A2-E8AD-4EE1-9D62-1539ED39A6CE}.Release|Mixed Platforms.Build.0 = Release|Win32
		{AFC162A2-E8AD-4EE1-9D62-1539ED39A6CE}.Release|Win32.ActiveCfg = Release|Win32
		{AFC162A2-E8AD-4EE1-9D62-1539ED39A6CE}.Release|Win32.Build.0 = Release|Win32
		{AFC162A2-E8AD-4EE1-9D62-1539ED39A6CE}.Release|x86.ActiveCfg = Release|Win32
	EndGlobalSection
	GlobalSection(SolutionProperties) = preSolution
		HideSolutionNode = FALSE
	EndGlobalSection
EndGlobal
