
Microsoft Visual Studio Solution File, Format Version 9.00
# Visual Studio 2005
Project("{8BC9CEB8-8B4A-11D0-8D11-00A0C91BC942}") = "DatAnalyst", "DatAnalyst\DatAnalyst.vcproj", "{D9666F85-353A-4390-90DF-36ECC26BAF7F}"
EndProject
Project("{8BC9CEB8-8B4A-11D0-8D11-00A0C91BC942}") = "dijkstra", "dijkstra\dijkstra.vcproj", "{D00935AE-3F73-49C8-8602-1ED17F2DE030}"
EndProject
Project("{8BC9CEB8-8B4A-11D0-8D11-00A0C91BC942}") = "GdiplusLearning", "GdiplusLearning\GdiplusLearning.vcproj", "{4C707BA6-7D13-4F55-9677-B3245BF73AE3}"
EndProject
Global
	GlobalSection(SolutionConfigurationPlatforms) = preSolution
		Debug|Win32 = Debug|Win32
		Release|Win32 = Release|Win32
	EndGlobalSection
	GlobalSection(ProjectConfigurationPlatforms) = postSolution
		{D9666F85-353A-4390-90DF-36ECC26BAF7F}.Debug|Win32.ActiveCfg = Debug|Win32
		{D9666F85-353A-4390-90DF-36ECC26BAF7F}.Debug|Win32.Build.0 = Debug|Win32
		{D9666F85-353A-4390-90DF-36ECC26BAF7F}.Release|Win32.ActiveCfg = Release|Win32
		{D9666F85-353A-4390-90DF-36ECC26BAF7F}.Release|Win32.Build.0 = Release|Win32
		{D00935AE-3F73-49C8-8602-1ED17F2DE030}.Debug|Win32.ActiveCfg = Debug|Win32
		{D00935AE-3F73-49C8-8602-1ED17F2DE030}.Debug|Win32.Build.0 = Debug|Win32
		{D00935AE-3F73-49C8-8602-1ED17F2DE030}.Release|Win32.ActiveCfg = Release|Win32
		{D00935AE-3F73-49C8-8602-1ED17F2DE030}.Release|Win32.Build.0 = Release|Win32
		{4C707BA6-7D13-4F55-9677-B3245BF73AE3}.Debug|Win32.ActiveCfg = Debug|Win32
		{4C707BA6-7D13-4F55-9677-B3245BF73AE3}.Debug|Win32.Build.0 = Debug|Win32
		{4C707BA6-7D13-4F55-9677-B3245BF73AE3}.Release|Win32.ActiveCfg = Release|Win32
		{4C707BA6-7D13-4F55-9677-B3245BF73AE3}.Release|Win32.Build.0 = Release|Win32
	EndGlobalSection
	GlobalSection(SolutionProperties) = preSolution
		HideSolutionNode = FALSE
	EndGlobalSection
EndGlobal
