<?xml version="1.0" encoding="utf-8"?>
<Project ToolsVersion="4.0" xmlns="http://schemas.microsoft.com/developer/msbuild/2003">
  <ItemGroup>
    <Filter Include="Source Files">
      <UniqueIdentifier>{4FC737F1-C7A5-4376-A066-2A32D752A2FF}</UniqueIdentifier>
      <Extensions>cpp;c;cc;cxx;def;odl;idl;hpj;bat;asm;asmx</Extensions>
    </Filter>
    <Filter Include="Resource Files">
      <UniqueIdentifier>{67DA6AB6-F800-4c08-8B7A-83BB121AAD01}</UniqueIdentifier>
      <Extensions>rc;ico;cur;bmp;dlg;rc2;rct;bin;rgs;gif;jpg;jpeg;jpe;resx;tiff;tif;png;wav;mfcribbon-ms</Extensions>
    </Filter>
    <Filter Include="Common">
      <UniqueIdentifier>{56633006-a461-465f-b979-272bac2d54f9}</UniqueIdentifier>
    </Filter>
    <Filter Include="Controls">
      <UniqueIdentifier>{76fd7e9e-fb5c-44fd-9c8a-71d5dd031a49}</UniqueIdentifier>
    </Filter>
  </ItemGroup>
  <ItemGroup>
    <None Include="res\TestUnicodeIO.rc2">
      <Filter>Resource Files</Filter>
    </None>
    <None Include="res\TestUnicodeIO.ico">
      <Filter>Resource Files</Filter>
    </None>
  </ItemGroup>
  <ItemGroup>
    <ClInclude Include="ListCtrlEx.h">
      <Filter>Controls</Filter>
    </ClInclude>
    <ClInclude Include="AutoFillComboBox.h">
      <Filter>Controls</Filter>
    </ClInclude>
    <ClInclude Include="NumericEdit.h">
      <Filter>Controls</Filter>
    </ClInclude>
    <ClInclude Include="FloatEdit.h">
      <Filter>Controls</Filter>
    </ClInclude>
    <ClInclude Include="ListCtrlKeepHighlight.h">
      <Filter>Controls</Filter>
    </ClInclude>
    <ClInclude Include="InPlaceDateTimeCtrl.h">
      <Filter>Controls</Filter>
    </ClInclude>
    <ClInclude Include="MySpin.h">
      <Filter>Controls</Filter>
    </ClInclude>
    <ClInclude Include="WinMsg.h">
      <Filter>Common</Filter>
    </ClInclude>
    <ClInclude Include="InPlaceEdit.h">
      <Filter>Controls</Filter>
    </ClInclude>
    <ClInclude Include="InPlaceList.h">
      <Filter>Controls</Filter>
    </ClInclude>
    <ClInclude Include="Resource.h">
      <Filter>Source Files</Filter>
    </ClInclude>
    <ClInclude Include="TestUnicodeIODlg.h">
      <Filter>Source Files</Filter>
    </ClInclude>
    <ClInclude Include="stdafx.h">
      <Filter>Source Files</Filter>
    </ClInclude>
    <ClInclude Include="TabSubView1.h">
      <Filter>Source Files</Filter>
    </ClInclude>
    <ClInclude Include="TabSubView2.h">
      <Filter>Source Files</Filter>
    </ClInclude>
    <ClInclude Include="targetver.h">
      <Filter>Source Files</Filter>
    </ClInclude>
    <ClInclude Include="TestUnicodeIO.h">
      <Filter>Source Files</Filter>
    </ClInclude>
  </ItemGroup>
  <ItemGroup>
    <ClCompile Include="TestUnicodeIO.cpp">
      <Filter>Source Files</Filter>
    </ClCompile>
    <ClCompile Include="TestUnicodeIODlg.cpp">
      <Filter>Source Files</Filter>
    </ClCompile>
    <ClCompile Include="stdafx.cpp">
      <Filter>Source Files</Filter>
    </ClCompile>
    <ClCompile Include="AutoFillComboBox.cpp">
      <Filter>Controls</Filter>
    </ClCompile>
    <ClCompile Include="FloatEdit.cpp">
      <Filter>Controls</Filter>
    </ClCompile>
    <ClCompile Include="NumericEdit.cpp">
      <Filter>Controls</Filter>
    </ClCompile>
    <ClCompile Include="ListCtrlKeepHighlight.cpp">
      <Filter>Controls</Filter>
    </ClCompile>
    <ClCompile Include="InPlaceDateTimeCtrl.cpp">
      <Filter>Controls</Filter>
    </ClCompile>
    <ClCompile Include="MySpin.cpp">
      <Filter>Controls</Filter>
    </ClCompile>
    <ClCompile Include="ListCtrlEx.cpp">
      <Filter>Controls</Filter>
    </ClCompile>
    <ClCompile Include="InPlaceEdit.cpp">
      <Filter>Controls</Filter>
    </ClCompile>
    <ClCompile Include="InPlaceList.cpp">
      <Filter>Controls</Filter>
    </ClCompile>
    <ClCompile Include="TabSubView2.cpp">
      <Filter>Source Files</Filter>
    </ClCompile>
    <ClCompile Include="TabSubView1.cpp">
      <Filter>Source Files</Filter>
    </ClCompile>
  </ItemGroup>
  <ItemGroup>
    <ResourceCompile Include="TestUnicodeIO.rc">
      <Filter>Resource Files</Filter>
    </ResourceCompile>
  </ItemGroup>
</Project>