<?xml version="1.0" encoding="utf-8"?>
<Project ToolsVersion="4.0" xmlns="http://schemas.microsoft.com/developer/msbuild/2003">
  <ItemGroup>
    <ClCompile Include="getopt.c">
      <Filter>Source Files</Filter>
    </ClCompile>
    <ClCompile Include="NetWorkAuthCode.cpp">
      <Filter>Source Files</Filter>
    </ClCompile>
    <ClCompile Include="main.cpp">
      <Filter>Source Files</Filter>
    </ClCompile>
    <ClCompile Include="XMLWrap.cpp">
      <Filter>Source Files</Filter>
    </ClCompile>
  </ItemGroup>
  <ItemGroup>
    <ClInclude Include="getopt.h">
      <Filter>Header Files</Filter>
    </ClInclude>
    <ClInclude Include="XMLWrap.h">
      <Filter>Header Files</Filter>
    </ClInclude>
    <ClInclude Include="include\CrackCaptchaAPI.h">
      <Filter>API</Filter>
    </ClInclude>
    <ClInclude Include="include\tinyxml.h">
      <Filter>tinyxml</Filter>
    </ClInclude>
    <ClInclude Include="Tools.h">
      <Filter>Header Files</Filter>
    </ClInclude>
  </ItemGroup>
  <ItemGroup>
    <Filter Include="Header Files">
      <UniqueIdentifier>{aa3a43dd-ca21-434b-84c9-7fd6531d22f4}</UniqueIdentifier>
    </Filter>
    <Filter Include="Source Files">
      <UniqueIdentifier>{32956a47-53be-475c-9b50-45d8d5d264c2}</UniqueIdentifier>
    </Filter>
    <Filter Include="Config">
      <UniqueIdentifier>{631e7ea9-ffaf-44af-bfc2-555d496660f2}</UniqueIdentifier>
    </Filter>
    <Filter Include="tinyxml">
      <UniqueIdentifier>{e0c99dbe-2dc0-4734-86a5-75d374376805}</UniqueIdentifier>
    </Filter>
    <Filter Include="API">
      <UniqueIdentifier>{cf685c8e-53a1-4dd5-9b9a-010bf261b110}</UniqueIdentifier>
    </Filter>
  </ItemGroup>
  <ItemGroup>
    <None Include="Config\Dama2Account.xml">
      <Filter>Config</Filter>
    </None>
    <None Include="Config\log.properties">
      <Filter>Config</Filter>
    </None>
  </ItemGroup>
</Project>