
Microsoft Visual Studio Solution File, Format Version 11.00
# Visual Studio 2010
Project("{8BC9CEB8-8B4A-11D0-8D11-00A0C91BC942}") = "DragPicture", "DragPicture\DragPicture.vcxproj", "{5DF855C8-EBD2-415A-BF83-46ED753FF3D4}"
EndProject
Project("{8BC9CEB8-8B4A-11D0-8D11-00A0C91BC942}") = "MapColor", "MapColor\MapColor.vcxproj", "{5CFA71BE-FA8D-43EF-A16A-BC124704CA26}"
EndProject
Global
	GlobalSection(SolutionConfigurationPlatforms) = preSolution
		Debug|Win32 = Debug|Win32
		Release|Win32 = Release|Win32
	EndGlobalSection
	GlobalSection(ProjectConfigurationPlatforms) = postSolution
		{5DF855C8-EBD2-415A-BF83-46ED753FF3D4}.Debug|Win32.ActiveCfg = Debug|Win32
		{5DF855C8-EBD2-415A-BF83-46ED753FF3D4}.Debug|Win32.Build.0 = Debug|Win32
		{5DF855C8-EBD2-415A-BF83-46ED753FF3D4}.Release|Win32.ActiveCfg = Release|Win32
		{5DF855C8-EBD2-415A-BF83-46ED753FF3D4}.Release|Win32.Build.0 = Release|Win32
		{5CFA71BE-FA8D-43EF-A16A-BC124704CA26}.Debug|Win32.ActiveCfg = Debug|Win32
		{5CFA71BE-FA8D-43EF-A16A-BC124704CA26}.Debug|Win32.Build.0 = Debug|Win32
		{5CFA71BE-FA8D-43EF-A16A-BC124704CA26}.Release|Win32.ActiveCfg = Release|Win32
		{5CFA71BE-FA8D-43EF-A16A-BC124704CA26}.Release|Win32.Build.0 = Release|Win32
	EndGlobalSection
	GlobalSection(SolutionProperties) = preSolution
		HideSolutionNode = FALSE
	EndGlobalSection
EndGlobal
