
Microsoft Visual Studio Solution File, Format Version 11.00
# Visual Studio 2010
Project("{8BC9CEB8-8B4A-11D0-8D11-00A0C91BC942}") = "demo_serverapi", "demo_serverapi\demo_serverapi.vcxproj", "{B0953920-C0A9-445C-8A17-82DEDA7F7C16}"
EndProject
Global
	GlobalSection(SolutionConfigurationPlatforms) = preSolution
		Debug|Win32 = Debug|Win32
		Release|Win32 = Release|Win32
	EndGlobalSection
	GlobalSection(ProjectConfigurationPlatforms) = postSolution
		{B0953920-C0A9-445C-8A17-82DEDA7F7C16}.Debug|Win32.ActiveCfg = Debug|Win32
		{B0953920-C0A9-445C-8A17-82DEDA7F7C16}.Debug|Win32.Build.0 = Debug|Win32
		{B0953920-C0A9-445C-8A17-82DEDA7F7C16}.Release|Win32.ActiveCfg = Release|Win32
		{B0953920-C0A9-445C-8A17-82DEDA7F7C16}.Release|Win32.Build.0 = Release|Win32
	EndGlobalSection
	GlobalSection(SolutionProperties) = preSolution
		HideSolutionNode = FALSE
	EndGlobalSection
EndGlobal
