
Microsoft Visual Studio Solution File, Format Version 11.00
# Visual Studio 2010
Project("{888888A0-9F3D-457C-B088-3A5042F75D52}") = "RdbViewerProj", "RdbViewerProj.pyproj", "{EA134A26-9760-49D7-9D4F-CEE3AF23BBC9}"
EndProject
Project("{888888A0-9F3D-457C-B088-3A5042F75D52}") = "QtGraphicViewTest", "..\QtGraphicViewTest\QtGraphicViewTest.pyproj", "{58FDC484-9684-4DA9-82B7-4ECCAB1D689B}"
EndProject
Project("{888888A0-9F3D-457C-B088-3A5042F75D52}") = "RdbNaviSimulator", "..\RdbNaviSimulator\RdbNaviSimulator.pyproj", "{DED120CE-CBFD-4CBC-BDFB-68067F322A80}"
EndProject
Project("{8BC9CEB8-8B4A-11D0-8D11-00A0C91BC942}") = "dl", "..\..\..\..\Desktop\20160107_deep_learning\caffe\dl.vcxproj", "{E6BE43E7-95F2-49C8-9EBA-4968A501EA78}"
EndProject
Project("{8BC9CEB8-8B4A-11D0-8D11-00A0C91BC942}") = "01-ErrorShow", "..\01-ErrorShow\01-ErrorShow.vcxproj", "{1F169C3B-A907-402D-B2EF-C0BB21E90AF9}"
EndProject
Project("{8BC9CEB8-8B4A-11D0-8D11-00A0C91BC942}") = "HelloworldAsm", "..\HelloworldAsm\HelloworldAsm.vcxproj", "{3D4D4584-4D85-42A0-AEA6-2C316821FE68}"
EndProject
Global
	GlobalSection(SolutionConfigurationPlatforms) = preSolution
		Debug|Any CPU = Debug|Any CPU
		Debug|Mixed Platforms = Debug|Mixed Platforms
		Debug|Win32 = Debug|Win32
		Debug|x64 = Debug|x64
		Debug|x86 = Debug|x86
		Release|Any CPU = Release|Any CPU
		Release|Mixed Platforms = Release|Mixed Platforms
		Release|Win32 = Release|Win32
		Release|x64 = Release|x64
		Release|x86 = Release|x86
	EndGlobalSection
	GlobalSection(ProjectConfigurationPlatforms) = postSolution
		{EA134A26-9760-49D7-9D4F-CEE3AF23BBC9}.Debug|Any CPU.ActiveCfg = Debug|Any CPU
		{EA134A26-9760-49D7-9D4F-CEE3AF23BBC9}.Debug|Mixed Platforms.ActiveCfg = Debug|Any CPU
		{EA134A26-9760-49D7-9D4F-CEE3AF23BBC9}.Debug|Win32.ActiveCfg = Debug|Any CPU
		{EA134A26-9760-49D7-9D4F-CEE3AF23BBC9}.Debug|x64.ActiveCfg = Debug|Any CPU
		{EA134A26-9760-49D7-9D4F-CEE3AF23BBC9}.Debug|x86.ActiveCfg = Debug|Any CPU
		{EA134A26-9760-49D7-9D4F-CEE3AF23BBC9}.Release|Any CPU.ActiveCfg = Release|Any CPU
		{EA134A26-9760-49D7-9D4F-CEE3AF23BBC9}.Release|Mixed Platforms.ActiveCfg = Release|Any CPU
		{EA134A26-9760-49D7-9D4F-CEE3AF23BBC9}.Release|Win32.ActiveCfg = Release|Any CPU
		{EA134A26-9760-49D7-9D4F-CEE3AF23BBC9}.Release|x64.ActiveCfg = Release|Any CPU
		{EA134A26-9760-49D7-9D4F-CEE3AF23BBC9}.Release|x86.ActiveCfg = Release|Any CPU
		{58FDC484-9684-4DA9-82B7-4ECCAB1D689B}.Debug|Any CPU.ActiveCfg = Debug|Any CPU
		{58FDC484-9684-4DA9-82B7-4ECCAB1D689B}.Debug|Mixed Platforms.ActiveCfg = Debug|Any CPU
		{58FDC484-9684-4DA9-82B7-4ECCAB1D689B}.Debug|Win32.ActiveCfg = Debug|Any CPU
		{58FDC484-9684-4DA9-82B7-4ECCAB1D689B}.Debug|x64.ActiveCfg = Debug|Any CPU
		{58FDC484-9684-4DA9-82B7-4ECCAB1D689B}.Debug|x86.ActiveCfg = Debug|Any CPU
		{58FDC484-9684-4DA9-82B7-4ECCAB1D689B}.Release|Any CPU.ActiveCfg = Release|Any CPU
		{58FDC484-9684-4DA9-82B7-4ECCAB1D689B}.Release|Mixed Platforms.ActiveCfg = Release|Any CPU
		{58FDC484-9684-4DA9-82B7-4ECCAB1D689B}.Release|Win32.ActiveCfg = Release|Any CPU
		{58FDC484-9684-4DA9-82B7-4ECCAB1D689B}.Release|x64.ActiveCfg = Release|Any CPU
		{58FDC484-9684-4DA9-82B7-4ECCAB1D689B}.Release|x86.ActiveCfg = Release|Any CPU
		{DED120CE-CBFD-4CBC-BDFB-68067F322A80}.Debug|Any CPU.ActiveCfg = Debug|Any CPU
		{DED120CE-CBFD-4CBC-BDFB-68067F322A80}.Debug|Mixed Platforms.ActiveCfg = Debug|Any CPU
		{DED120CE-CBFD-4CBC-BDFB-68067F322A80}.Debug|Win32.ActiveCfg = Debug|Any CPU
		{DED120CE-CBFD-4CBC-BDFB-68067F322A80}.Debug|x64.ActiveCfg = Debug|Any CPU
		{DED120CE-CBFD-4CBC-BDFB-68067F322A80}.Debug|x86.ActiveCfg = Debug|Any CPU
		{DED120CE-CBFD-4CBC-BDFB-68067F322A80}.Release|Any CPU.ActiveCfg = Release|Any CPU
		{DED120CE-CBFD-4CBC-BDFB-68067F322A80}.Release|Mixed Platforms.ActiveCfg = Release|Any CPU
		{DED120CE-CBFD-4CBC-BDFB-68067F322A80}.Release|Win32.ActiveCfg = Release|Any CPU
		{DED120CE-CBFD-4CBC-BDFB-68067F322A80}.Release|x64.ActiveCfg = Release|Any CPU
		{DED120CE-CBFD-4CBC-BDFB-68067F322A80}.Release|x86.ActiveCfg = Release|Any CPU
		{E6BE43E7-95F2-49C8-9EBA-4968A501EA78}.Debug|Any CPU.ActiveCfg = Debug|Win32
		{E6BE43E7-95F2-49C8-9EBA-4968A501EA78}.Debug|Mixed Platforms.ActiveCfg = Debug|Win32
		{E6BE43E7-95F2-49C8-9EBA-4968A501EA78}.Debug|Mixed Platforms.Build.0 = Debug|Win32
		{E6BE43E7-95F2-49C8-9EBA-4968A501EA78}.Debug|Win32.ActiveCfg = Debug|Win32
		{E6BE43E7-95F2-49C8-9EBA-4968A501EA78}.Debug|Win32.Build.0 = Debug|Win32
		{E6BE43E7-95F2-49C8-9EBA-4968A501EA78}.Debug|x64.ActiveCfg = Debug|Win32
		{E6BE43E7-95F2-49C8-9EBA-4968A501EA78}.Debug|x86.ActiveCfg = Debug|Win32
		{E6BE43E7-95F2-49C8-9EBA-4968A501EA78}.Release|Any CPU.ActiveCfg = Release|Win32
		{E6BE43E7-95F2-49C8-9EBA-4968A501EA78}.Release|Mixed Platforms.ActiveCfg = Release|Win32
		{E6BE43E7-95F2-49C8-9EBA-4968A501EA78}.Release|Mixed Platforms.Build.0 = Release|Win32
		{E6BE43E7-95F2-49C8-9EBA-4968A501EA78}.Release|Win32.ActiveCfg = Release|Win32
		{E6BE43E7-95F2-49C8-9EBA-4968A501EA78}.Release|Win32.Build.0 = Release|Win32
		{E6BE43E7-95F2-49C8-9EBA-4968A501EA78}.Release|x64.ActiveCfg = Release|Win32
		{E6BE43E7-95F2-49C8-9EBA-4968A501EA78}.Release|x86.ActiveCfg = Release|Win32
		{1F169C3B-A907-402D-B2EF-C0BB21E90AF9}.Debug|Any CPU.ActiveCfg = Debug|x64
		{1F169C3B-A907-402D-B2EF-C0BB21E90AF9}.Debug|Mixed Platforms.ActiveCfg = Debug|x64
		{1F169C3B-A907-402D-B2EF-C0BB21E90AF9}.Debug|Mixed Platforms.Build.0 = Debug|x64
		{1F169C3B-A907-402D-B2EF-C0BB21E90AF9}.Debug|Win32.ActiveCfg = Debug|Win32
		{1F169C3B-A907-402D-B2EF-C0BB21E90AF9}.Debug|Win32.Build.0 = Debug|Win32
		{1F169C3B-A907-402D-B2EF-C0BB21E90AF9}.Debug|x64.ActiveCfg = Debug|x64
		{1F169C3B-A907-402D-B2EF-C0BB21E90AF9}.Debug|x64.Build.0 = Debug|x64
		{1F169C3B-A907-402D-B2EF-C0BB21E90AF9}.Debug|x86.ActiveCfg = Debug|x64
		{1F169C3B-A907-402D-B2EF-C0BB21E90AF9}.Release|Any CPU.ActiveCfg = Release|x64
		{1F169C3B-A907-402D-B2EF-C0BB21E90AF9}.Release|Mixed Platforms.ActiveCfg = Release|x64
		{1F169C3B-A907-402D-B2EF-C0BB21E90AF9}.Release|Mixed Platforms.Build.0 = Release|x64
		{1F169C3B-A907-402D-B2EF-C0BB21E90AF9}.Release|Win32.ActiveCfg = Release|Win32
		{1F169C3B-A907-402D-B2EF-C0BB21E90AF9}.Release|Win32.Build.0 = Release|Win32
		{1F169C3B-A907-402D-B2EF-C0BB21E90AF9}.Release|x64.ActiveCfg = Release|x64
		{1F169C3B-A907-402D-B2EF-C0BB21E90AF9}.Release|x64.Build.0 = Release|x64
		{1F169C3B-A907-402D-B2EF-C0BB21E90AF9}.Release|x86.ActiveCfg = Release|x64
		{3D4D4584-4D85-42A0-AEA6-2C316821FE68}.Debug|Any CPU.ActiveCfg = Debug|Win32
		{3D4D4584-4D85-42A0-AEA6-2C316821FE68}.Debug|Mixed Platforms.ActiveCfg = Debug|Win32
		{3D4D4584-4D85-42A0-AEA6-2C316821FE68}.Debug|Mixed Platforms.Build.0 = Debug|Win32
		{3D4D4584-4D85-42A0-AEA6-2C316821FE68}.Debug|Win32.ActiveCfg = Debug|Win32
		{3D4D4584-4D85-42A0-AEA6-2C316821FE68}.Debug|Win32.Build.0 = Debug|Win32
		{3D4D4584-4D85-42A0-AEA6-2C316821FE68}.Debug|x64.ActiveCfg = Debug|Win32
		{3D4D4584-4D85-42A0-AEA6-2C316821FE68}.Debug|x86.ActiveCfg = Debug|Win32
		{3D4D4584-4D85-42A0-AEA6-2C316821FE68}.Release|Any CPU.ActiveCfg = Release|Win32
		{3D4D4584-4D85-42A0-AEA6-2C316821FE68}.Release|Mixed Platforms.ActiveCfg = Release|Win32
		{3D4D4584-4D85-42A0-AEA6-2C316821FE68}.Release|Mixed Platforms.Build.0 = Release|Win32
		{3D4D4584-4D85-42A0-AEA6-2C316821FE68}.Release|Win32.ActiveCfg = Release|Win32
		{3D4D4584-4D85-42A0-AEA6-2C316821FE68}.Release|Win32.Build.0 = Release|Win32
		{3D4D4584-4D85-42A0-AEA6-2C316821FE68}.Release|x64.ActiveCfg = Release|Win32
		{3D4D4584-4D85-42A0-AEA6-2C316821FE68}.Release|x86.ActiveCfg = Release|Win32
	EndGlobalSection
	GlobalSection(SolutionProperties) = preSolution
		HideSolutionNode = FALSE
	EndGlobalSection
EndGlobal
